
Microsoft Visual Studio Solution File, Format Version 12.00
# Visual Studio Version 17
VisualStudioVersion = 17.1.32228.430
MinimumVisualStudioVersion = 10.0.40219.1
Project("{FAE04EC0-301F-11D3-BF4B-00C04F79EFBC}") = "BlazorEcommerce.Server", "BlazorEcommerce\Server\BlazorEcommerce.Server.csproj", "{8BEFD5F2-D0DE-409B-92F4-04F22E175293}"
EndProject
Project("{FAE04EC0-301F-11D3-BF4B-00C04F79EFBC}") = "BlazorEcommerce.Client", "BlazorEcommerce\Client\BlazorEcommerce.Client.csproj", "{F771B1BC-8A96-47EF-830B-FF1F12C4B4FA}"
EndProject
Project("{FAE04EC0-301F-11D3-BF4B-00C04F79EFBC}") = "BlazorEcommerce.Shared", "BlazorEcommerce\Shared\BlazorEcommerce.Shared.csproj", "{D06EFB27-F44F-4B69-BD65-B7EA681682BF}"
EndProject
Global
	GlobalSection(SolutionConfigurationPlatforms) = preSolution
		Debug|Any CPU = Debug|Any CPU
		Release|Any CPU = Release|Any CPU
	EndGlobalSection
	GlobalSection(ProjectConfigurationPlatforms) = postSolution
		{8BEFD5F2-D0DE-409B-92F4-04F22E175293}.Debug|Any CPU.ActiveCfg = Debug|Any CPU
		{8BEFD5F2-D0DE-409B-92F4-04F22E175293}.Debug|Any CPU.Build.0 = Debug|Any CPU
		{8BEFD5F2-D0DE-409B-92F4-04F22E175293}.Release|Any CPU.ActiveCfg = Release|Any CPU
		{8BEFD5F2-D0DE-409B-92F4-04F22E175293}.Release|Any CPU.Build.0 = Release|Any CPU
		{F771B1BC-8A96-47EF-830B-FF1F12C4B4FA}.Debug|Any CPU.ActiveCfg = Debug|Any CPU
		{F771B1BC-8A96-47EF-830B-FF1F12C4B4FA}.Debug|Any CPU.Build.0 = Debug|Any CPU
		{F771B1BC-8A96-47EF-830B-FF1F12C4B4FA}.Release|Any CPU.ActiveCfg = Release|Any CPU
		{F771B1BC-8A96-47EF-830B-FF1F12C4B4FA}.Release|Any CPU.Build.0 = Release|Any CPU
		{D06EFB27-F44F-4B69-BD65-B7EA681682BF}.Debug|Any CPU.ActiveCfg = Debug|Any CPU
		{D06EFB27-F44F-4B69-BD65-B7EA681682BF}.Debug|Any CPU.Build.0 = Debug|Any CPU
		{D06EFB27-F44F-4B69-BD65-B7EA681682BF}.Release|Any CPU.ActiveCfg = Release|Any CPU
		{D06EFB27-F44F-4B69-BD65-B7EA681682BF}.Release|Any CPU.Build.0 = Release|Any CPU
	EndGlobalSection
	GlobalSection(SolutionProperties) = preSolution
		HideSolutionNode = FALSE
	EndGlobalSection
	GlobalSection(ExtensibilityGlobals) = postSolution
		SolutionGuid = {DA11DA9F-D6C7-4A4F-8CA8-9147D4776601}
	EndGlobalSection
EndGlobal
